PODS:
  - CanvasToolbar (0.1.0)

DEPENDENCIES:
  - CanvasToolbar (from `../CanvasToolbar`)

EXTERNAL SOURCES:
  CanvasToolbar:
    :path: ../CanvasToolbar

SPEC CHECKSUMS:
  CanvasToolbar: 4957880db35b3a4a7fa3bceccb622c94618f2dcd

PODFILE CHECKSUM: dff3fc1f7806682b924ae30a4d98bc4bb8da2d2d

COCOAPODS: 1.3.1
