PODS:
  - CanvasToolbar (0.1.0)

DEPENDENCIES:
  - CanvasToolbar (from `../CanvasToolbar`)

EXTERNAL SOURCES:
  CanvasToolbar:
    :path: ../CanvasToolbar

SPEC CHECKSUMS:
  CanvasToolbar: eb2e049829a391e61efe7b50f11fea57d4b8cf08

PODFILE CHECKSUM: dff3fc1f7806682b924ae30a4d98bc4bb8da2d2d

COCOAPODS: 1.4.0
